
Microsoft Visual Studio Solution File, Format Version 12.00
# Visual Studio 2017
Project("{FAE04EC0-301F-11D3-BF4B-00C04F79EFBC}") = "Summer Game Jam", "Summer Game Jam.csproj", "{E7FBF311-5B45-1BB3-F300-DFAA59F2279A}"
EndProject
Global
	GlobalSection(SolutionConfigurationPlatforms) = preSolution
		Debug|Any CPU = Debug|Any CPU
		Release|Any CPU = Release|Any CPU
	EndGlobalSection
	GlobalSection(ProjectConfigurationPlatforms) = postSolution
		{E7FBF311-5B45-1BB3-F300-DFAA59F2279A}.Debug|Any CPU.ActiveCfg = Debug|Any CPU
		{E7FBF311-5B45-1BB3-F300-DFAA59F2279A}.Debug|Any CPU.Build.0 = Debug|Any CPU
		{E7FBF311-5B45-1BB3-F300-DFAA59F2279A}.Release|Any CPU.ActiveCfg = Release|Any CPU
		{E7FBF311-5B45-1BB3-F300-DFAA59F2279A}.Release|Any CPU.Build.0 = Release|Any CPU
	EndGlobalSection
	GlobalSection(SolutionProperties) = preSolution
		HideSolutionNode = FALSE
	EndGlobalSection
EndGlobal
